
Microsoft Visual Studio Solution File, Format Version 12.00
# Visual Studio Version 17
VisualStudioVersion = 17.2.32516.85
MinimumVisualStudioVersion = 10.0.40219.1
Project("{FAE04EC0-301F-11D3-BF4B-00C04F79EFBC}") = "Activity 11", "Activity 11.csproj", "{66C2F535-D49A-42FD-9298-53B0CC9CF09C}"
EndProject
Global
	GlobalSection(SolutionConfigurationPlatforms) = preSolution
		Debug|Any CPU = Debug|Any CPU
		Release|Any CPU = Release|Any CPU
	EndGlobalSection
	GlobalSection(ProjectConfigurationPlatforms) = postSolution
		{66C2F535-D49A-42FD-9298-53B0CC9CF09C}.Debug|Any CPU.ActiveCfg = Debug|Any CPU
		{66C2F535-D49A-42FD-9298-53B0CC9CF09C}.Debug|Any CPU.Build.0 = Debug|Any CPU
		{66C2F535-D49A-42FD-9298-53B0CC9CF09C}.Release|Any CPU.ActiveCfg = Release|Any CPU
		{66C2F535-D49A-42FD-9298-53B0CC9CF09C}.Release|Any CPU.Build.0 = Release|Any CPU
	EndGlobalSection
	GlobalSection(SolutionProperties) = preSolution
		HideSolutionNode = FALSE
	EndGlobalSection
	GlobalSection(ExtensibilityGlobals) = postSolution
		SolutionGuid = {BF76370A-4FDA-4ED0-BE64-B1C0B7E06DE4}
	EndGlobalSection
EndGlobal
